{
  "name": "@workspace/api-spec",
  "version": "0.0.0",
  "lockfileVersion": 3,
  "requires": true,
  "packages": {
    "": {
      "name": "@workspace/api-spec",
      "version": "0.0.0",
      "devDependencies": {
        "@types/node": "^25.5.2",
        "orval": "^8.5.2",
        "zod": "^3.25.76"
      }
    },
    "../../node_modules/.pnpm/orval@8.6.2_prettier@3.8.1_typescript@5.9.3/node_modules/orval": {
      "version": "8.6.2",
      "dev": true,
      "license": "MIT",
      "dependencies": {
        "@commander-js/extra-typings": "^14.0.0",
        "@orval/angular": "8.6.2",
        "@orval/axios": "8.6.2",
        "@orval/core": "8.6.2",
        "@orval/fetch": "8.6.2",
        "@orval/hono": "8.6.2",
        "@orval/mcp": "8.6.2",
        "@orval/mock": "8.6.2",
        "@orval/query": "8.6.2",
        "@orval/solid-start": "8.6.2",
        "@orval/swr": "8.6.2",
        "@orval/zod": "8.6.2",
        "@scalar/json-magic": "^0.11.5",
        "@scalar/openapi-parser": "^0.24.13",
        "@scalar/openapi-types": "0.5.3",
        "chokidar": "^5.0.0",
        "commander": "^14.0.2",
        "enquirer": "^2.4.1",
        "execa": "^9.6.1",
        "find-up": "8.0.0",
        "fs-extra": "^11.3.2",
        "jiti": "^2.6.1",
        "js-yaml": "4.1.1",
        "remeda": "^2.33.6",
        "string-argv": "^0.3.2",
        "tsconfck": "^3.1.6",
        "typedoc": "^0.28.17",
        "typedoc-plugin-coverage": "^4.0.2",
        "typedoc-plugin-markdown": "^4.10.0"
      },
      "bin": {
        "orval": "dist/bin/orval.mjs"
      },
      "devDependencies": {
        "@types/fs-extra": "^11.0.4",
        "@types/js-yaml": "^4.0.9",
        "eslint": "9.39.2",
        "rimraf": "6.1.2",
        "tsdown": "0.20.3",
        "typescript": "5.9.3",
        "vitest": "4.0.18"
      },
      "engines": {
        "node": ">=22.18.0"
      },
      "peerDependencies": {
        "prettier": ">=3.0.0"
      },
      "peerDependenciesMeta": {
        "prettier": {
          "optional": true
        }
      }
    },
    "../../node_modules/.pnpm/zod@3.25.76/node_modules/zod": {
      "version": "3.25.76",
      "dev": true,
      "license": "MIT",
      "funding": {
        "url": "https://github.com/sponsors/colinhacks"
      }
    },
    "node_modules/@types/node": {
      "version": "25.5.2",
      "resolved": "https://registry.npmjs.org/@types/node/-/node-25.5.2.tgz",
      "integrity": "sha512-tO4ZIRKNC+MDWV4qKVZe3Ql/woTnmHDr5JD8UI5hn2pwBrHEwOEMZK7WlNb5RKB6EoJ02gwmQS9OrjuFnZYdpg==",
      "dev": true,
      "license": "MIT",
      "dependencies": {
        "undici-types": "~7.18.0"
      }
    },
    "node_modules/orval": {
      "resolved": "../../node_modules/.pnpm/orval@8.6.2_prettier@3.8.1_typescript@5.9.3/node_modules/orval",
      "link": true
    },
    "node_modules/undici-types": {
      "version": "7.18.2",
      "resolved": "https://registry.npmjs.org/undici-types/-/undici-types-7.18.2.tgz",
      "integrity": "sha512-AsuCzffGHJybSaRrmr5eHr81mwJU3kjw6M+uprWvCXiNeN9SOGwQ3Jn8jb8m3Z6izVgknn1R0FTCEAP2QrLY/w==",
      "dev": true,
      "license": "MIT"
    },
    "node_modules/zod": {
      "resolved": "../../node_modules/.pnpm/zod@3.25.76/node_modules/zod",
      "link": true
    }
  }
}
